// !$*UTF8*$!
{
	archiveVersion = 1;
	classes = {
	};
	objectVersion = 48;
	objects = {

/* Begin PBXBuildFile section */
		2FD391021FD652CC0080107F /* AppDelegate.swift in Sources */ = {isa = PBXBuildFile; fileRef = 2FD391011FD652CC0080107F /* AppDelegate.swift */; };
		2FD391041FD652CC0080107F /* ViewController.swift in Sources */ = {isa = PBXBuildFile; fileRef = 2FD391031FD652CC0080107F /* ViewController.swift */; };
		2FD391071FD652CC0080107F /* Main.storyboard in Resources */ = {isa = PBXBuildFile; fileRef = 2FD391051FD652CC0080107F /* Main.storyboard */; };
		2FD391091FD652CC0080107F /* Assets.xcassets in Resources */ = {isa = PBXBuildFile; fileRef = 2FD391081FD652CC0080107F /* Assets.xcassets */; };
		2FD3910C1FD652CC0080107F /* LaunchScreen.storyboard in Resources */ = {isa = PBXBuildFile; fileRef = 2FD3910A1FD652CC0080107F /* LaunchScreen.storyboard */; };
		2FD391141FD652E80080107F /* ZBLayoutButton.swift in Sources */ = {isa = PBXBuildFile; fileRef = 2FD391131FD652E80080107F /* ZBLayoutButton.swift */; };
/* End PBXBuildFile section */

/* Begin PBXFileReference section */
		2FD390FE1FD652CC0080107F /* ZBLayoutButton.app */ = {isa = PBXFileReference; explicitFileType = wrapper.application; includeInIndex = 0; path = ZBLayoutButton.app; sourceTree = BUILT_PRODUCTS_DIR; };
		2FD391011FD652CC0080107F /* AppDelegate.swift */ = {isa = PBXFileReference; lastKnownFileType = sourcecode.swift; path = AppDelegate.swift; sourceTree = "<group>"; };
		2FD391031FD652CC0080107F /* ViewController.swift */ = {isa = PBXFileReference; lastKnownFileType = sourcecode.swift; path = ViewController.swift; sourceTree = "<group>"; };
		2FD391061FD652CC0080107F /* Base */ = {isa = PBXFileReference; lastKnownFileType = file.storyboard; name = Base; path = Base.lproj/Main.storyboard; sourceTree = "<group>"; };
		2FD391081FD652CC0080107F /* Assets.xcassets */ = {isa = PBXFileReference; lastKnownFileType = folder.assetcatalog; path = Assets.xcassets; sourceTree = "<group>"; };
		2FD3910B1FD652CC0080107F /* Base */ = {isa = PBXFileReference; lastKnownFileType = file.storyboard; name = Base; path = Base.lproj/LaunchScreen.storyboard; sourceTree = "<group>"; };
		2FD3910D1FD652CC0080107F /* Info.plist */ = {isa = PBXFileReference; lastKnownFileType = text.plist.xml; path = Info.plist; sourceTree = "<group>"; };
		2FD391131FD652E80080107F /* ZBLayoutButton.swift */ = {isa = PBXFileReference; lastKnownFileType = sourcecode.swift; path = ZBLayoutButton.swift; sourceTree = "<group>"; };
/* End PBXFileReference section */

/* Begin PBXFrameworksBuildPhase section */
		2FD390FB1FD652CC0080107F /* Frameworks */ = {
			isa = PBXFrameworksBuildPhase;
			buildActionMask = 2147483647;
			files = (
			);
			runOnlyForDeploymentPostprocessing = 0;
		};
/* End PBXFrameworksBuildPhase section */

/* Begin PBXGroup section */
		2FD390F51FD652CB0080107F = {
			isa = PBXGroup;
			children = (
				2FD391001FD652CC0080107F /* ZBLayoutButton */,
				2FD390FF1FD652CC0080107F /* Products */,
			);
			sourceTree = "<group>";
		};
		2FD390FF1FD652CC0080107F /* Products */ = {
			isa = PBXGroup;
			children = (
				2FD390FE1FD652CC0080107F /* ZBLayoutButton.app */,
			);
			name = Products;
			sourceTree = "<group>";
		};
		2FD391001FD652CC0080107F /* ZBLayoutButton */ = {
			isa = PBXGroup;
			children = (
				2FD391131FD652E80080107F /* ZBLayoutButton.swift */,
				2FD391011FD652CC0080107F /* AppDelegate.swift */,
				2FD391031FD652CC0080107F /* ViewController.swift */,
				2FD391051FD652CC0080107F /* Main.storyboard */,
				2FD391081FD652CC0080107F /* Assets.xcassets */,
				2FD3910A1FD652CC0080107F /* LaunchScreen.storyboard */,
				2FD3910D1FD652CC0080107F /* Info.plist */,
			);
			path = ZBLayoutButton;
			sourceTree = "<group>";
		};
/* End PBXGroup section */

/* Begin PBXNativeTarget section */
		2FD390FD1FD652CC0080107F /* ZBLayoutButton */ = {
			isa = PBXNativeTarget;
			buildConfigurationList = 2FD391101FD652CC0080107F /* Build configuration list for PBXNativeTarget "ZBLayoutButton" */;
			buildPhases = (
				2FD390FA1FD652CC0080107F /* Sources */,
				2FD390FB1FD652CC0080107F /* Frameworks */,
				2FD390FC1FD652CC0080107F /* Resources */,
			);
			buildRules = (
			);
			dependencies = (
			);
			name = ZBLayoutButton;
			productName = ZBLayoutButton;
			productReference = 2FD390FE1FD652CC0080107F /* ZBLayoutButton.app */;
			productType = "com.apple.product-type.application";
		};
/* End PBXNativeTarget section */

/* Begin PBXProject section */
		2FD390F61FD652CB0080107F /* Project object */ = {
			isa = PBXProject;
			attributes = {
				LastSwiftUpdateCheck = 0900;
				LastUpgradeCheck = 0900;
				ORGANIZATIONNAME = picoluster;
				TargetAttributes = {
					2FD390FD1FD652CC0080107F = {
						CreatedOnToolsVersion = 9.0;
						ProvisioningStyle = Automatic;
					};
				};
			};
			buildConfigurationList = 2FD390F91FD652CB0080107F /* Build configuration list for PBXProject "ZBLayoutButton" */;
			compatibilityVersion = "Xcode 8.0";
			developmentRegion = en;
			hasScannedForEncodings = 0;
			knownRegions = (
				en,
				Base,
			);
			mainGroup = 2FD390F51FD652CB0080107F;
			productRefGroup = 2FD390FF1FD652CC0080107F /* Products */;
			projectDirPath = "";
			projectRoot = "";
			targets = (
				2FD390FD1FD652CC0080107F /* ZBLayoutButton */,
			);
		};
/* End PBXProject section */

/* Begin PBXResourcesBuildPhase section */
		2FD390FC1FD652CC0080107F /* Resources */ = {
			isa = PBXResourcesBuildPhase;
			buildActionMask = 2147483647;
			files = (
				2FD3910C1FD652CC0080107F /* LaunchScreen.storyboard in Resources */,
				2FD391091FD652CC0080107F /* Assets.xcassets in Resources */,
				2FD391071FD652CC0080107F /* Main.storyboard in Resources */,
			);
			runOnlyForDeploymentPostprocessing = 0;
		};
/* End PBXResourcesBuildPhase section */

/* Begin PBXSourcesBuildPhase section */
		2FD390FA1FD652CC0080107F /* Sources */ = {
			isa = PBXSourcesBuildPhase;
			buildActionMask = 2147483647;
			files = (
				2FD391141FD652E80080107F /* ZBLayoutButton.swift in Sources */,
				2FD391041FD652CC0080107F /* ViewController.swift in Sources */,
				2FD391021FD652CC0080107F /* AppDelegate.swift in Sources */,
			);
			runOnlyForDeploymentPostprocessing = 0;
		};
/* End PBXSourcesBuildPhase section */

/* Begin PBXVariantGroup section */
		2FD391051FD652CC0080107F /* Main.storyboard */ = {
			isa = PBXVariantGroup;
			children = (
				2FD391061FD652CC0080107F /* Base */,
			);
			name = Main.storyboard;
			sourceTree = "<group>";
		};
		2FD3910A1FD652CC0080107F /* LaunchScreen.storyboard */ = {
			isa = PBXVariantGroup;
			children = (
				2FD3910B1FD652CC0080107F /* Base */,
			);
			name = LaunchScreen.storyboard;
			sourceTree = "<group>";
		};
/* End PBXVariantGroup section */

/* Begin XCBuildConfiguration section */
		2FD3910E1FD652CC0080107F /* Debug */ = {
			isa = XCBuildConfiguration;
			buildSettings = {
				ALWAYS_SEARCH_USER_PATHS = NO;
				CLANG_ANALYZER_NONNULL = YES;
				CLANG_ANALYZER_NUMBER_OBJECT_CONVERSION = YES_AGGRESSIVE;
				CLANG_CXX_LANGUAGE_STANDARD = "gnu++14";
				CLANG_CXX_LIBRARY = "libc++";
				CLANG_ENABLE_MODULES = YES;
				CLANG_ENABLE_OBJC_ARC = YES;
				CLANG_WARN_BLOCK_CAPTURE_AUTORELEASING = YES;
				CLANG_WARN_BOOL_CONVERSION = YES;
				CLANG_WARN_COMMA = YES;
				CLANG_WARN_CONSTANT_CONVERSION = YES;
				CLANG_WARN_DIRECT_OBJC_ISA_USAGE = YES_ERROR;
				CLANG_WARN_DOCUMENTATION_COMMENTS = YES;
				CLANG_WARN_EMPTY_BODY = YES;
				CLANG_WARN_ENUM_CONVERSION = YES;
				CLANG_WARN_INFINITE_RECURSION = YES;
				CLANG_WARN_INT_CONVERSION = YES;
				CLANG_WARN_NON_LITERAL_NULL_CONVERSION = YES;
				CLANG_WARN_OBJC_LITERAL_CONVERSION = YES;
				CLANG_WARN_OBJC_ROOT_CLASS = YES_ERROR;
				CLANG_WARN_RANGE_LOOP_ANALYSIS = YES;
				CLANG_WARN_STRICT_PROTOTYPES = YES;
				CLANG_WARN_SUSPICIOUS_MOVE = YES;
				CLANG_WARN_UNGUARDED_AVAILABILITY = YES_AGGRESSIVE;
				CLANG_WARN_UNREACHABLE_CODE = YES;
				CLANG_WARN__DUPLICATE_METHOD_MATCH = YES;
				CODE_SIGN_IDENTITY = "iPhone Developer";
				COPY_PHASE_STRIP = NO;
				DEBUG_INFORMATION_FORMAT = dwarf;
				ENABLE_STRICT_OBJC_MSGSEND = YES;
				ENABLE_TESTABILITY = YES;
				GCC_C_LANGUAGE_STANDARD = gnu11;
				GCC_DYNAMIC_NO_PIC = NO;
				GCC_NO_COMMON_BLOCKS = YES;
				GCC_OPTIMIZATION_LEVEL = 0;
				GCC_PREPROCESSOR_DEFINITIONS = (
					"DEBUG=1",
					"$(inherited)",
				);
				GCC_WARN_64_TO_32_BIT_CONVERSION = YES;
				GCC_WARN_ABOUT_RETURN_TYPE = YES_ERROR;
				GCC_WARN_UNDECLARED_SELECTOR = YES;
				GCC_WARN_UNINITIALIZED_AUTOS = YES_AGGRESSIVE;
				GCC_WARN_UNUSED_FUNCTION = YES;
				GCC_WARN_UNUSED_VARIABLE = YES;
				IPHONEOS_DEPLOYMENT_TARGET = 11.0;
				MTL_ENABLE_DEBUG_INFO = YES;
				ONLY_ACTIVE_ARCH = YES;
				SDKROOT = iphoneos;
				SWIFT_ACTIVE_COMPILATION_CONDITIONS = DEBUG;
				SWIFT_OPTIMIZATION_LEVEL = "-Onone";
			};
			name = Debug;
		};
		2FD3910F1FD652CC0080107F /* Release */ = {
			isa = XCBuildConfiguration;
			buildSettings = {
				ALWAYS_SEARCH_USER_PATHS = NO;
				CLANG_ANALYZER_NONNULL = YES;
				CLANG_ANALYZER_NUMBER_OBJECT_CONVERSION = YES_AGGRESSIVE;
				CLANG_CXX_LANGUAGE_STANDARD = "gnu++14";
				CLANG_CXX_LIBRARY = "libc++";
				CLANG_ENABLE_MODULES = YES;
				CLANG_ENABLE_OBJC_ARC = YES;
				CLANG_WARN_BLOCK_CAPTURE_AUTORELEASING = YES;
				CLANG_WARN_BOOL_CONVERSION = YES;
				CLANG_WARN_COMMA = YES;
				CLANG_WARN_CONSTANT_CONVERSION = YES;
				CLANG_WARN_DIRECT_OBJC_ISA_USAGE = YES_ERROR;
				CLANG_WARN_DOCUMENTATION_COMMENTS = YES;
				CLANG_WARN_EMPTY_BODY = YES;
				CLANG_WARN_ENUM_CONVERSION = YES;
				CLANG_WARN_INFINITE_RECURSION = YES;
				CLANG_WARN_INT_CONVERSION = YES;
				CLANG_WARN_NON_LITERAL_NULL_CONVERSION = YES;
				CLANG_WARN_OBJC_LITERAL_CONVERSION = YES;
				CLANG_WARN_OBJC_ROOT_CLASS = YES_ERROR;
				CLANG_WARN_RANGE_LOOP_ANALYSIS = YES;
				CLANG_WARN_STRICT_PROTOTYPES = YES;
				CLANG_WARN_SUSPICIOUS_MOVE = YES;
				CLANG_WARN_UNGUARDED_AVAILABILITY = YES_AGGRESSIVE;
				CLANG_WARN_UNREACHABLE_CODE = YES;
				CLANG_WARN__DUPLICATE_METHOD_MATCH = YES;
				CODE_SIGN_IDENTITY = "iPhone Developer";
				COPY_PHASE_STRIP = NO;
				DEBUG_INFORMATION_FORMAT = "dwarf-with-dsym";
				ENABLE_NS_ASSERTIONS = NO;
				ENABLE_STRICT_OBJC_MSGSEND = YES;
				GCC_C_LANGUAGE_STANDARD = gnu11;
				GCC_NO_COMMON_BLOCKS = YES;
				GCC_WARN_64_TO_32_BIT_CONVERSION = YES;
				GCC_WARN_ABOUT_RETURN_TYPE = YES_ERROR;
				GCC_WARN_UNDECLARED_SELECTOR = YES;
				GCC_WARN_UNINITIALIZED_AUTOS = YES_AGGRESSIVE;
				GCC_WARN_UNUSED_FUNCTION = YES;
				GCC_WARN_UNUSED_VARIABLE = YES;
				IPHONEOS_DEPLOYMENT_TARGET = 11.0;
				MTL_ENABLE_DEBUG_INFO = NO;
				SDKROOT = iphoneos;
				SWIFT_OPTIMIZATION_LEVEL = "-Owholemodule";
				VALIDATE_PRODUCT = YES;
			};
			name = Release;
		};
		2FD391111FD652CC0080107F /* Debug */ = {
			isa = XCBuildConfiguration;
			buildSettings = {
				ASSETCATALOG_COMPILER_APPICON_NAME = AppIcon;
				CODE_SIGN_STYLE = Automatic;
				DEVELOPMENT_TEAM = FTYJBY2LP3;
				INFOPLIST_FILE = ZBLayoutButton/Info.plist;
				IPHONEOS_DEPLOYMENT_TARGET = 9.1;
				LD_RUNPATH_SEARCH_PATHS = "$(inherited) @executable_path/Frameworks";
				PRODUCT_BUNDLE_IDENTIFIER = com.picoluster.ZBLayoutButton;
				PRODUCT_NAME = "$(TARGET_NAME)";
				SWIFT_VERSION = 4.0;
				TARGETED_DEVICE_FAMILY = "1,2";
			};
			name = Debug;
		};
		2FD391121FD652CC0080107F /* Release */ = {
			isa = XCBuildConfiguration;
			buildSettings = {
				ASSETCATALOG_COMPILER_APPICON_NAME = AppIcon;
				CODE_SIGN_STYLE = Automatic;
				DEVELOPMENT_TEAM = FTYJBY2LP3;
				INFOPLIST_FILE = ZBLayoutButton/Info.plist;
				IPHONEOS_DEPLOYMENT_TARGET = 9.1;
				LD_RUNPATH_SEARCH_PATHS = "$(inherited) @executable_path/Frameworks";
				PRODUCT_BUNDLE_IDENTIFIER = com.picoluster.ZBLayoutButton;
				PRODUCT_NAME = "$(TARGET_NAME)";
				SWIFT_VERSION = 4.0;
				TARGETED_DEVICE_FAMILY = "1,2";
			};
			name = Release;
		};
/* End XCBuildConfiguration section */

/* Begin XCConfigurationList section */
		2FD390F91FD652CB0080107F /* Build configuration list for PBXProject "ZBLayoutButton" */ = {
			isa = XCConfigurationList;
			buildConfigurations = (
				2FD3910E1FD652CC0080107F /* Debug */,
				2FD3910F1FD652CC0080107F /* Release */,
			);
			defaultConfigurationIsVisible = 0;
			defaultConfigurationName = Release;
		};
		2FD391101FD652CC0080107F /* Build configuration list for PBXNativeTarget "ZBLayoutButton" */ = {
			isa = XCConfigurationList;
			buildConfigurations = (
				2FD391111FD652CC0080107F /* Debug */,
				2FD391121FD652CC0080107F /* Release */,
			);
			defaultConfigurationIsVisible = 0;
			defaultConfigurationName = Release;
		};
/* End XCConfigurationList section */
	};
	rootObject = 2FD390F61FD652CB0080107F /* Project object */;
}
